// !$*UTF8*$!
{
	archiveVersion = 1;
	classes = {
	};
	objectVersion = 55;
	objects = {

/* Begin PBXBuildFile section */
		8B87DD0127A604C100C4081B /* AppDelegate.swift in Sources */ = {isa = PBXBuildFile; fileRef = 8B87DD0027A604C100C4081B /* AppDelegate.swift */; };
		8B87DD0327A604C100C4081B /* SceneDelegate.swift in Sources */ = {isa = PBXBuildFile; fileRef = 8B87DD0227A604C100C4081B /* SceneDelegate.swift */; };
		8B87DD0527A604C100C4081B /* ViewController.swift in Sources */ = {isa = PBXBuildFile; fileRef = 8B87DD0427A604C100C4081B /* ViewController.swift */; };
		8B87DD0827A604C100C4081B /* Main.storyboard in Resources */ = {isa = PBXBuildFile; fileRef = 8B87DD0627A604C100C4081B /* Main.storyboard */; };
		8B87DD0A27A604C200C4081B /* Assets.xcassets in Resources */ = {isa = PBXBuildFile; fileRef = 8B87DD0927A604C200C4081B /* Assets.xcassets */; };
		8B87DD0D27A604C200C4081B /* LaunchScreen.storyboard in Resources */ = {isa = PBXBuildFile; fileRef = 8B87DD0B27A604C200C4081B /* LaunchScreen.storyboard */; };
		8B87DD1827A604C300C4081B /* SF_AppTests.swift in Sources */ = {isa = PBXBuildFile; fileRef = 8B87DD1727A604C300C4081B /* SF_AppTests.swift */; };
		8B87DD2227A604C300C4081B /* SF_AppUITests.swift in Sources */ = {isa = PBXBuildFile; fileRef = 8B87DD2127A604C300C4081B /* SF_AppUITests.swift */; };
		8B87DD2427A604C300C4081B /* SF_AppUITestsLaunchTests.swift in Sources */ = {isa = PBXBuildFile; fileRef = 8B87DD2327A604C300C4081B /* SF_AppUITestsLaunchTests.swift */; };
		8B87DD3127A6057B00C4081B /* Permission.swift in Sources */ = {isa = PBXBuildFile; fileRef = 8B87DD3027A6057B00C4081B /* Permission.swift */; };
		8B87DD3527A6139600C4081B /* HealthKit.framework in Frameworks */ = {isa = PBXBuildFile; fileRef = 8B87DD3427A6139600C4081B /* HealthKit.framework */; };
		8B87DD3927A69C0100C4081B /* SleepController.swift in Sources */ = {isa = PBXBuildFile; fileRef = 8B87DD3827A69C0100C4081B /* SleepController.swift */; };
		8B87DD3B27A6BA9100C4081B /* calc_percent.swift in Sources */ = {isa = PBXBuildFile; fileRef = 8B87DD3A27A6BA9100C4081B /* calc_percent.swift */; };
		8BF6C2CE27A6EF3E0028223B /* Temp.swift in Sources */ = {isa = PBXBuildFile; fileRef = 8BF6C2CD27A6EF3E0028223B /* Temp.swift */; };
/* End PBXBuildFile section */

/* Begin PBXContainerItemProxy section */
		8B87DD1427A604C300C4081B /* PBXContainerItemProxy */ = {
			isa = PBXContainerItemProxy;
			containerPortal = 8B87DCF527A604C100C4081B /* Project object */;
			proxyType = 1;
			remoteGlobalIDString = 8B87DCFC27A604C100C4081B;
			remoteInfo = "SF App";
		};
		8B87DD1E27A604C300C4081B /* PBXContainerItemProxy */ = {
			isa = PBXContainerItemProxy;
			containerPortal = 8B87DCF527A604C100C4081B /* Project object */;
			proxyType = 1;
			remoteGlobalIDString = 8B87DCFC27A604C100C4081B;
			remoteInfo = "SF App";
		};
/* End PBXContainerItemProxy section */

/* Begin PBXFileReference section */
		8B87DCFD27A604C100C4081B /* SF App.app */ = {isa = PBXFileReference; explicitFileType = wrapper.application; includeInIndex = 0; path = "SF App.app"; sourceTree = BUILT_PRODUCTS_DIR; };
		8B87DD0027A604C100C4081B /* AppDelegate.swift */ = {isa = PBXFileReference; lastKnownFileType = sourcecode.swift; path = AppDelegate.swift; sourceTree = "<group>"; };
		8B87DD0227A604C100C4081B /* SceneDelegate.swift */ = {isa = PBXFileReference; lastKnownFileType = sourcecode.swift; path = SceneDelegate.swift; sourceTree = "<group>"; };
		8B87DD0427A604C100C4081B /* ViewController.swift */ = {isa = PBXFileReference; lastKnownFileType = sourcecode.swift; path = ViewController.swift; sourceTree = "<group>"; };
		8B87DD0727A604C100C4081B /* Base */ = {isa = PBXFileReference; lastKnownFileType = file.storyboard; name = Base; path = Base.lproj/Main.storyboard; sourceTree = "<group>"; };
		8B87DD0927A604C200C4081B /* Assets.xcassets */ = {isa = PBXFileReference; lastKnownFileType = folder.assetcatalog; path = Assets.xcassets; sourceTree = "<group>"; };
		8B87DD0C27A604C200C4081B /* Base */ = {isa = PBXFileReference; lastKnownFileType = file.storyboard; name = Base; path = Base.lproj/LaunchScreen.storyboard; sourceTree = "<group>"; };
		8B87DD0E27A604C200C4081B /* Info.plist */ = {isa = PBXFileReference; lastKnownFileType = text.plist.xml; path = Info.plist; sourceTree = "<group>"; };
		8B87DD1327A604C300C4081B /* SF AppTests.xctest */ = {isa = PBXFileReference; explicitFileType = wrapper.cfbundle; includeInIndex = 0; path = "SF AppTests.xctest"; sourceTree = BUILT_PRODUCTS_DIR; };
		8B87DD1727A604C300C4081B /* SF_AppTests.swift */ = {isa = PBXFileReference; lastKnownFileType = sourcecode.swift; path = SF_AppTests.swift; sourceTree = "<group>"; };
		8B87DD1D27A604C300C4081B /* SF AppUITests.xctest */ = {isa = PBXFileReference; explicitFileType = wrapper.cfbundle; includeInIndex = 0; path = "SF AppUITests.xctest"; sourceTree = BUILT_PRODUCTS_DIR; };
		8B87DD2127A604C300C4081B /* SF_AppUITests.swift */ = {isa = PBXFileReference; lastKnownFileType = sourcecode.swift; path = SF_AppUITests.swift; sourceTree = "<group>"; };
		8B87DD2327A604C300C4081B /* SF_AppUITestsLaunchTests.swift */ = {isa = PBXFileReference; lastKnownFileType = sourcecode.swift; path = SF_AppUITestsLaunchTests.swift; sourceTree = "<group>"; };
		8B87DD3027A6057B00C4081B /* Permission.swift */ = {isa = PBXFileReference; lastKnownFileType = sourcecode.swift; path = Permission.swift; sourceTree = "<group>"; };
		8B87DD3227A6139600C4081B /* SF App.entitlements */ = {isa = PBXFileReference; lastKnownFileType = text.plist.entitlements; path = "SF App.entitlements"; sourceTree = "<group>"; };
		8B87DD3427A6139600C4081B /* HealthKit.framework */ = {isa = PBXFileReference; lastKnownFileType = wrapper.framework; name = HealthKit.framework; path = System/Library/Frameworks/HealthKit.framework; sourceTree = SDKROOT; };
		8B87DD3827A69C0100C4081B /* SleepController.swift */ = {isa = PBXFileReference; lastKnownFileType = sourcecode.swift; path = SleepController.swift; sourceTree = "<group>"; };
		8B87DD3A27A6BA9100C4081B /* calc_percent.swift */ = {isa = PBXFileReference; lastKnownFileType = sourcecode.swift; path = calc_percent.swift; sourceTree = "<group>"; };
		8BF6C2CD27A6EF3E0028223B /* Temp.swift */ = {isa = PBXFileReference; lastKnownFileType = sourcecode.swift; path = Temp.swift; sourceTree = "<group>"; };
/* End PBXFileReference section */

/* Begin PBXFrameworksBuildPhase section */
		8B87DCFA27A604C100C4081B /* Frameworks */ = {
			isa = PBXFrameworksBuildPhase;
			buildActionMask = 2147483647;
			files = (
				8B87DD3527A6139600C4081B /* HealthKit.framework in Frameworks */,
			);
			runOnlyForDeploymentPostprocessing = 0;
		};
		8B87DD1027A604C300C4081B /* Frameworks */ = {
			isa = PBXFrameworksBuildPhase;
			buildActionMask = 2147483647;
			files = (
			);
			runOnlyForDeploymentPostprocessing = 0;
		};
		8B87DD1A27A604C300C4081B /* Frameworks */ = {
			isa = PBXFrameworksBuildPhase;
			buildActionMask = 2147483647;
			files = (
			);
			runOnlyForDeploymentPostprocessing = 0;
		};
/* End PBXFrameworksBuildPhase section */

/* Begin PBXGroup section */
		8B87DCF427A604C100C4081B = {
			isa = PBXGroup;
			children = (
				8B87DCFF27A604C100C4081B /* SF App */,
				8B87DD1627A604C300C4081B /* SF AppTests */,
				8B87DD2027A604C300C4081B /* SF AppUITests */,
				8B87DCFE27A604C100C4081B /* Products */,
				8B87DD3327A6139600C4081B /* Frameworks */,
			);
			sourceTree = "<group>";
		};
		8B87DCFE27A604C100C4081B /* Products */ = {
			isa = PBXGroup;
			children = (
				8B87DCFD27A604C100C4081B /* SF App.app */,
				8B87DD1327A604C300C4081B /* SF AppTests.xctest */,
				8B87DD1D27A604C300C4081B /* SF AppUITests.xctest */,
			);
			name = Products;
			sourceTree = "<group>";
		};
		8B87DCFF27A604C100C4081B /* SF App */ = {
			isa = PBXGroup;
			children = (
				8B87DD3227A6139600C4081B /* SF App.entitlements */,
				8B87DD0027A604C100C4081B /* AppDelegate.swift */,
				8B87DD0227A604C100C4081B /* SceneDelegate.swift */,
				8B87DD0427A604C100C4081B /* ViewController.swift */,
				8B87DD3827A69C0100C4081B /* SleepController.swift */,
				8B87DD3A27A6BA9100C4081B /* calc_percent.swift */,
				8B87DD3027A6057B00C4081B /* Permission.swift */,
				8BF6C2CD27A6EF3E0028223B /* Temp.swift */,
				8B87DD0627A604C100C4081B /* Main.storyboard */,
				8B87DD0927A604C200C4081B /* Assets.xcassets */,
				8B87DD0B27A604C200C4081B /* LaunchScreen.storyboard */,
				8B87DD0E27A604C200C4081B /* Info.plist */,
			);
			path = "SF App";
			sourceTree = "<group>";
		};
		8B87DD1627A604C300C4081B /* SF AppTests */ = {
			isa = PBXGroup;
			children = (
				8B87DD1727A604C300C4081B /* SF_AppTests.swift */,
			);
			path = "SF AppTests";
			sourceTree = "<group>";
		};
		8B87DD2027A604C300C4081B /* SF AppUITests */ = {
			isa = PBXGroup;
			children = (
				8B87DD2127A604C300C4081B /* SF_AppUITests.swift */,
				8B87DD2327A604C300C4081B /* SF_AppUITestsLaunchTests.swift */,
			);
			path = "SF AppUITests";
			sourceTree = "<group>";
		};
		8B87DD3327A6139600C4081B /* Frameworks */ = {
			isa = PBXGroup;
			children = (
				8B87DD3427A6139600C4081B /* HealthKit.framework */,
			);
			name = Frameworks;
			sourceTree = "<group>";
		};
/* End PBXGroup section */

/* Begin PBXNativeTarget section */
		8B87DCFC27A604C100C4081B /* SF App */ = {
			isa = PBXNativeTarget;
			buildConfigurationList = 8B87DD2727A604C300C4081B /* Build configuration list for PBXNativeTarget "SF App" */;
			buildPhases = (
				8B87DCF927A604C100C4081B /* Sources */,
				8B87DCFA27A604C100C4081B /* Frameworks */,
				8B87DCFB27A604C100C4081B /* Resources */,
			);
			buildRules = (
			);
			dependencies = (
			);
			name = "SF App";
			productName = "SF App";
			productReference = 8B87DCFD27A604C100C4081B /* SF App.app */;
			productType = "com.apple.product-type.application";
		};
		8B87DD1227A604C300C4081B /* SF AppTests */ = {
			isa = PBXNativeTarget;
			buildConfigurationList = 8B87DD2A27A604C300C4081B /* Build configuration list for PBXNativeTarget "SF AppTests" */;
			buildPhases = (
				8B87DD0F27A604C300C4081B /* Sources */,
				8B87DD1027A604C300C4081B /* Frameworks */,
				8B87DD1127A604C300C4081B /* Resources */,
			);
			buildRules = (
			);
			dependencies = (
				8B87DD1527A604C300C4081B /* PBXTargetDependency */,
			);
			name = "SF AppTests";
			productName = "SF AppTests";
			productReference = 8B87DD1327A604C300C4081B /* SF AppTests.xctest */;
			productType = "com.apple.product-type.bundle.unit-test";
		};
		8B87DD1C27A604C300C4081B /* SF AppUITests */ = {
			isa = PBXNativeTarget;
			buildConfigurationList = 8B87DD2D27A604C300C4081B /* Build configuration list for PBXNativeTarget "SF AppUITests" */;
			buildPhases = (
				8B87DD1927A604C300C4081B /* Sources */,
				8B87DD1A27A604C300C4081B /* Frameworks */,
				8B87DD1B27A604C300C4081B /* Resources */,
			);
			buildRules = (
			);
			dependencies = (
				8B87DD1F27A604C300C4081B /* PBXTargetDependency */,
			);
			name = "SF AppUITests";
			productName = "SF AppUITests";
			productReference = 8B87DD1D27A604C300C4081B /* SF AppUITests.xctest */;
			productType = "com.apple.product-type.bundle.ui-testing";
		};
/* End PBXNativeTarget section */

/* Begin PBXProject section */
		8B87DCF527A604C100C4081B /* Project object */ = {
			isa = PBXProject;
			attributes = {
				BuildIndependentTargetsInParallel = 1;
				LastSwiftUpdateCheck = 1320;
				LastUpgradeCheck = 1320;
				TargetAttributes = {
					8B87DCFC27A604C100C4081B = {
						CreatedOnToolsVersion = 13.2.1;
					};
					8B87DD1227A604C300C4081B = {
						CreatedOnToolsVersion = 13.2.1;
						TestTargetID = 8B87DCFC27A604C100C4081B;
					};
					8B87DD1C27A604C300C4081B = {
						CreatedOnToolsVersion = 13.2.1;
						TestTargetID = 8B87DCFC27A604C100C4081B;
					};
				};
			};
			buildConfigurationList = 8B87DCF827A604C100C4081B /* Build configuration list for PBXProject "SF App" */;
			compatibilityVersion = "Xcode 13.0";
			developmentRegion = en;
			hasScannedForEncodings = 0;
			knownRegions = (
				en,
				Base,
			);
			mainGroup = 8B87DCF427A604C100C4081B;
			productRefGroup = 8B87DCFE27A604C100C4081B /* Products */;
			projectDirPath = "";
			projectRoot = "";
			targets = (
				8B87DCFC27A604C100C4081B /* SF App */,
				8B87DD1227A604C300C4081B /* SF AppTests */,
				8B87DD1C27A604C300C4081B /* SF AppUITests */,
			);
		};
/* End PBXProject section */

/* Begin PBXResourcesBuildPhase section */
		8B87DCFB27A604C100C4081B /* Resources */ = {
			isa = PBXResourcesBuildPhase;
			buildActionMask = 2147483647;
			files = (
				8B87DD0D27A604C200C4081B /* LaunchScreen.storyboard in Resources */,
				8B87DD0A27A604C200C4081B /* Assets.xcassets in Resources */,
				8B87DD0827A604C100C4081B /* Main.storyboard in Resources */,
			);
			runOnlyForDeploymentPostprocessing = 0;
		};
		8B87DD1127A604C300C4081B /* Resources */ = {
			isa = PBXResourcesBuildPhase;
			buildActionMask = 2147483647;
			files = (
			);
			runOnlyForDeploymentPostprocessing = 0;
		};
		8B87DD1B27A604C300C4081B /* Resources */ = {
			isa = PBXResourcesBuildPhase;
			buildActionMask = 2147483647;
			files = (
			);
			runOnlyForDeploymentPostprocessing = 0;
		};
/* End PBXResourcesBuildPhase section */

/* Begin PBXSourcesBuildPhase section */
		8B87DCF927A604C100C4081B /* Sources */ = {
			isa = PBXSourcesBuildPhase;
			buildActionMask = 2147483647;
			files = (
				8BF6C2CE27A6EF3E0028223B /* Temp.swift in Sources */,
				8B87DD3127A6057B00C4081B /* Permission.swift in Sources */,
				8B87DD0527A604C100C4081B /* ViewController.swift in Sources */,
				8B87DD0127A604C100C4081B /* AppDelegate.swift in Sources */,
				8B87DD0327A604C100C4081B /* SceneDelegate.swift in Sources */,
				8B87DD3B27A6BA9100C4081B /* calc_percent.swift in Sources */,
				8B87DD3927A69C0100C4081B /* SleepController.swift in Sources */,
			);
			runOnlyForDeploymentPostprocessing = 0;
		};
		8B87DD0F27A604C300C4081B /* Sources */ = {
			isa = PBXSourcesBuildPhase;
			buildActionMask = 2147483647;
			files = (
				8B87DD1827A604C300C4081B /* SF_AppTests.swift in Sources */,
			);
			runOnlyForDeploymentPostprocessing = 0;
		};
		8B87DD1927A604C300C4081B /* Sources */ = {
			isa = PBXSourcesBuildPhase;
			buildActionMask = 2147483647;
			files = (
				8B87DD2227A604C300C4081B /* SF_AppUITests.swift in Sources */,
				8B87DD2427A604C300C4081B /* SF_AppUITestsLaunchTests.swift in Sources */,
			);
			runOnlyForDeploymentPostprocessing = 0;
		};
/* End PBXSourcesBuildPhase section */

/* Begin PBXTargetDependency section */
		8B87DD1527A604C300C4081B /* PBXTargetDependency */ = {
			isa = PBXTargetDependency;
			target = 8B87DCFC27A604C100C4081B /* SF App */;
			targetProxy = 8B87DD1427A604C300C4081B /* PBXContainerItemProxy */;
		};
		8B87DD1F27A604C300C4081B /* PBXTargetDependency */ = {
			isa = PBXTargetDependency;
			target = 8B87DCFC27A604C100C4081B /* SF App */;
			targetProxy = 8B87DD1E27A604C300C4081B /* PBXContainerItemProxy */;
		};
/* End PBXTargetDependency section */

/* Begin PBXVariantGroup section */
		8B87DD0627A604C100C4081B /* Main.storyboard */ = {
			isa = PBXVariantGroup;
			children = (
				8B87DD0727A604C100C4081B /* Base */,
			);
			name = Main.storyboard;
			sourceTree = "<group>";
		};
		8B87DD0B27A604C200C4081B /* LaunchScreen.storyboard */ = {
			isa = PBXVariantGroup;
			children = (
				8B87DD0C27A604C200C4081B /* Base */,
			);
			name = LaunchScreen.storyboard;
			sourceTree = "<group>";
		};
/* End PBXVariantGroup section */

/* Begin XCBuildConfiguration section */
		8B87DD2527A604C300C4081B /* Debug */ = {
			isa = XCBuildConfiguration;
			buildSettings = {
				ALWAYS_SEARCH_USER_PATHS = NO;
				CLANG_ANALYZER_NONNULL = YES;
				CLANG_ANALYZER_NUMBER_OBJECT_CONVERSION = YES_AGGRESSIVE;
				CLANG_CXX_LANGUAGE_STANDARD = "gnu++17";
				CLANG_CXX_LIBRARY = "libc++";
				CLANG_ENABLE_MODULES = YES;
				CLANG_ENABLE_OBJC_ARC = YES;
				CLANG_ENABLE_OBJC_WEAK = YES;
				CLANG_WARN_BLOCK_CAPTURE_AUTORELEASING = YES;
				CLANG_WARN_BOOL_CONVERSION = YES;
				CLANG_WARN_COMMA = YES;
				CLANG_WARN_CONSTANT_CONVERSION = YES;
				CLANG_WARN_DEPRECATED_OBJC_IMPLEMENTATIONS = YES;
				CLANG_WARN_DIRECT_OBJC_ISA_USAGE = YES_ERROR;
				CLANG_WARN_DOCUMENTATION_COMMENTS = YES;
				CLANG_WARN_EMPTY_BODY = YES;
				CLANG_WARN_ENUM_CONVERSION = YES;
				CLANG_WARN_INFINITE_RECURSION = YES;
				CLANG_WARN_INT_CONVERSION = YES;
				CLANG_WARN_NON_LITERAL_NULL_CONVERSION = YES;
				CLANG_WARN_OBJC_IMPLICIT_RETAIN_SELF = YES;
				CLANG_WARN_OBJC_LITERAL_CONVERSION = YES;
				CLANG_WARN_OBJC_ROOT_CLASS = YES_ERROR;
				CLANG_WARN_QUOTED_INCLUDE_IN_FRAMEWORK_HEADER = YES;
				CLANG_WARN_RANGE_LOOP_ANALYSIS = YES;
				CLANG_WARN_STRICT_PROTOTYPES = YES;
				CLANG_WARN_SUSPICIOUS_MOVE = YES;
				CLANG_WARN_UNGUARDED_AVAILABILITY = YES_AGGRESSIVE;
				CLANG_WARN_UNREACHABLE_CODE = YES;
				CLANG_WARN__DUPLICATE_METHOD_MATCH = YES;
				COPY_PHASE_STRIP = NO;
				DEBUG_INFORMATION_FORMAT = dwarf;
				ENABLE_STRICT_OBJC_MSGSEND = YES;
				ENABLE_TESTABILITY = YES;
				GCC_C_LANGUAGE_STANDARD = gnu11;
				GCC_DYNAMIC_NO_PIC = NO;
				GCC_NO_COMMON_BLOCKS = YES;
				GCC_OPTIMIZATION_LEVEL = 0;
				GCC_PREPROCESSOR_DEFINITIONS = (
					"DEBUG=1",
					"$(inherited)",
				);
				GCC_WARN_64_TO_32_BIT_CONVERSION = YES;
				GCC_WARN_ABOUT_RETURN_TYPE = YES_ERROR;
				GCC_WARN_UNDECLARED_SELECTOR = YES;
				GCC_WARN_UNINITIALIZED_AUTOS = YES_AGGRESSIVE;
				GCC_WARN_UNUSED_FUNCTION = YES;
				GCC_WARN_UNUSED_VARIABLE = YES;
				IPHONEOS_DEPLOYMENT_TARGET = 15.2;
				MTL_ENABLE_DEBUG_INFO = INCLUDE_SOURCE;
				MTL_FAST_MATH = YES;
				ONLY_ACTIVE_ARCH = YES;
				SDKROOT = iphoneos;
				SWIFT_ACTIVE_COMPILATION_CONDITIONS = DEBUG;
				SWIFT_OPTIMIZATION_LEVEL = "-Onone";
			};
			name = Debug;
		};
		8B87DD2627A604C300C4081B /* Release */ = {
			isa = XCBuildConfiguration;
			buildSettings = {
				ALWAYS_SEARCH_USER_PATHS = NO;
				CLANG_ANALYZER_NONNULL = YES;
				CLANG_ANALYZER_NUMBER_OBJECT_CONVERSION = YES_AGGRESSIVE;
				CLANG_CXX_LANGUAGE_STANDARD = "gnu++17";
				CLANG_CXX_LIBRARY = "libc++";
				CLANG_ENABLE_MODULES = YES;
				CLANG_ENABLE_OBJC_ARC = YES;
				CLANG_ENABLE_OBJC_WEAK = YES;
				CLANG_WARN_BLOCK_CAPTURE_AUTORELEASING = YES;
				CLANG_WARN_BOOL_CONVERSION = YES;
				CLANG_WARN_COMMA = YES;
				CLANG_WARN_CONSTANT_CONVERSION = YES;
				CLANG_WARN_DEPRECATED_OBJC_IMPLEMENTATIONS = YES;
				CLANG_WARN_DIRECT_OBJC_ISA_USAGE = YES_ERROR;
				CLANG_WARN_DOCUMENTATION_COMMENTS = YES;
				CLANG_WARN_EMPTY_BODY = YES;
				CLANG_WARN_ENUM_CONVERSION = YES;
				CLANG_WARN_INFINITE_RECURSION = YES;
				CLANG_WARN_INT_CONVERSION = YES;
				CLANG_WARN_NON_LITERAL_NULL_CONVERSION = YES;
				CLANG_WARN_OBJC_IMPLICIT_RETAIN_SELF = YES;
				CLANG_WARN_OBJC_LITERAL_CONVERSION = YES;
				CLANG_WARN_OBJC_ROOT_CLASS = YES_ERROR;
				CLANG_WARN_QUOTED_INCLUDE_IN_FRAMEWORK_HEADER = YES;
				CLANG_WARN_RANGE_LOOP_ANALYSIS = YES;
				CLANG_WARN_STRICT_PROTOTYPES = YES;
				CLANG_WARN_SUSPICIOUS_MOVE = YES;
				CLANG_WARN_UNGUARDED_AVAILABILITY = YES_AGGRESSIVE;
				CLANG_WARN_UNREACHABLE_CODE = YES;
				CLANG_WARN__DUPLICATE_METHOD_MATCH = YES;
				COPY_PHASE_STRIP = NO;
				DEBUG_INFORMATION_FORMAT = "dwarf-with-dsym";
				ENABLE_NS_ASSERTIONS = NO;
				ENABLE_STRICT_OBJC_MSGSEND = YES;
				GCC_C_LANGUAGE_STANDARD = gnu11;
				GCC_NO_COMMON_BLOCKS = YES;
				GCC_WARN_64_TO_32_BIT_CONVERSION = YES;
				GCC_WARN_ABOUT_RETURN_TYPE = YES_ERROR;
				GCC_WARN_UNDECLARED_SELECTOR = YES;
				GCC_WARN_UNINITIALIZED_AUTOS = YES_AGGRESSIVE;
				GCC_WARN_UNUSED_FUNCTION = YES;
				GCC_WARN_UNUSED_VARIABLE = YES;
				IPHONEOS_DEPLOYMENT_TARGET = 15.2;
				MTL_ENABLE_DEBUG_INFO = NO;
				MTL_FAST_MATH = YES;
				SDKROOT = iphoneos;
				SWIFT_COMPILATION_MODE = wholemodule;
				SWIFT_OPTIMIZATION_LEVEL = "-O";
				VALIDATE_PRODUCT = YES;
			};
			name = Release;
		};
		8B87DD2827A604C300C4081B /* Debug */ = {
			isa = XCBuildConfiguration;
			buildSettings = {
				ASSETCATALOG_COMPILER_APPICON_NAME = AppIcon;
				ASSETCATALOG_COMPILER_GLOBAL_ACCENT_COLOR_NAME = AccentColor;
				CODE_SIGN_ENTITLEMENTS = "SF App/SF App.entitlements";
				CODE_SIGN_STYLE = Automatic;
				CURRENT_PROJECT_VERSION = 1;
				GENERATE_INFOPLIST_FILE = YES;
				INFOPLIST_FILE = "SF App/Info.plist";
				INFOPLIST_KEY_UIApplicationSupportsIndirectInputEvents = YES;
				INFOPLIST_KEY_UILaunchStoryboardName = LaunchScreen;
				INFOPLIST_KEY_UIMainStoryboardFile = Main;
				INFOPLIST_KEY_UISupportedInterfaceOrientations_iPad = "UIInterfaceOrientationPortrait UIInterfaceOrientationPortraitUpsideDown UIInterfaceOrientationLandscapeLeft UIInterfaceOrientationLandscapeRight";
				INFOPLIST_KEY_UISupportedInterfaceOrientations_iPhone = "UIInterfaceOrientationPortrait UIInterfaceOrientationLandscapeLeft UIInterfaceOrientationLandscapeRight";
				LD_RUNPATH_SEARCH_PATHS = (
					"$(inherited)",
					"@executable_path/Frameworks",
				);
				MARKETING_VERSION = 1.0;
				PRODUCT_BUNDLE_IDENTIFIER = "SF-App.SF-App";
				PRODUCT_NAME = "$(TARGET_NAME)";
				SWIFT_EMIT_LOC_STRINGS = YES;
				SWIFT_VERSION = 5.0;
				TARGETED_DEVICE_FAMILY = "1,2";
			};
			name = Debug;
		};
		8B87DD2927A604C300C4081B /* Release */ = {
			isa = XCBuildConfiguration;
			buildSettings = {
				ASSETCATALOG_COMPILER_APPICON_NAME = AppIcon;
				ASSETCATALOG_COMPILER_GLOBAL_ACCENT_COLOR_NAME = AccentColor;
				CODE_SIGN_ENTITLEMENTS = "SF App/SF App.entitlements";
				CODE_SIGN_STYLE = Automatic;
				CURRENT_PROJECT_VERSION = 1;
				GENERATE_INFOPLIST_FILE = YES;
				INFOPLIST_FILE = "SF App/Info.plist";
				INFOPLIST_KEY_UIApplicationSupportsIndirectInputEvents = YES;
				INFOPLIST_KEY_UILaunchStoryboardName = LaunchScreen;
				INFOPLIST_KEY_UIMainStoryboardFile = Main;
				INFOPLIST_KEY_UISupportedInterfaceOrientations_iPad = "UIInterfaceOrientationPortrait UIInterfaceOrientationPortraitUpsideDown UIInterfaceOrientationLandscapeLeft UIInterfaceOrientationLandscapeRight";
				INFOPLIST_KEY_UISupportedInterfaceOrientations_iPhone = "UIInterfaceOrientationPortrait UIInterfaceOrientationLandscapeLeft UIInterfaceOrientationLandscapeRight";
				LD_RUNPATH_SEARCH_PATHS = (
					"$(inherited)",
					"@executable_path/Frameworks",
				);
				MARKETING_VERSION = 1.0;
				PRODUCT_BUNDLE_IDENTIFIER = "SF-App.SF-App";
				PRODUCT_NAME = "$(TARGET_NAME)";
				SWIFT_EMIT_LOC_STRINGS = YES;
				SWIFT_VERSION = 5.0;
				TARGETED_DEVICE_FAMILY = "1,2";
			};
			name = Release;
		};
		8B87DD2B27A604C300C4081B /* Debug */ = {
			isa = XCBuildConfiguration;
			buildSettings = {
				ALWAYS_EMBED_SWIFT_STANDARD_LIBRARIES = YES;
				BUNDLE_LOADER = "$(TEST_HOST)";
				CODE_SIGN_STYLE = Automatic;
				CURRENT_PROJECT_VERSION = 1;
				GENERATE_INFOPLIST_FILE = YES;
				IPHONEOS_DEPLOYMENT_TARGET = 15.2;
				MARKETING_VERSION = 1.0;
				PRODUCT_BUNDLE_IDENTIFIER = "SF-App.SF-AppTests";
				PRODUCT_NAME = "$(TARGET_NAME)";
				SWIFT_EMIT_LOC_STRINGS = NO;
				SWIFT_VERSION = 5.0;
				TARGETED_DEVICE_FAMILY = "1,2";
				TEST_HOST = "$(BUILT_PRODUCTS_DIR)/SF App.app/SF App";
			};
			name = Debug;
		};
		8B87DD2C27A604C300C4081B /* Release */ = {
			isa = XCBuildConfiguration;
			buildSettings = {
				ALWAYS_EMBED_SWIFT_STANDARD_LIBRARIES = YES;
				BUNDLE_LOADER = "$(TEST_HOST)";
				CODE_SIGN_STYLE = Automatic;
				CURRENT_PROJECT_VERSION = 1;
				GENERATE_INFOPLIST_FILE = YES;
				IPHONEOS_DEPLOYMENT_TARGET = 15.2;
				MARKETING_VERSION = 1.0;
				PRODUCT_BUNDLE_IDENTIFIER = "SF-App.SF-AppTests";
				PRODUCT_NAME = "$(TARGET_NAME)";
				SWIFT_EMIT_LOC_STRINGS = NO;
				SWIFT_VERSION = 5.0;
				TARGETED_DEVICE_FAMILY = "1,2";
				TEST_HOST = "$(BUILT_PRODUCTS_DIR)/SF App.app/SF App";
			};
			name = Release;
		};
		8B87DD2E27A604C300C4081B /* Debug */ = {
			isa = XCBuildConfiguration;
			buildSettings = {
				ALWAYS_EMBED_SWIFT_STANDARD_LIBRARIES = YES;
				CODE_SIGN_STYLE = Automatic;
				CURRENT_PROJECT_VERSION = 1;
				GENERATE_INFOPLIST_FILE = YES;
				MARKETING_VERSION = 1.0;
				PRODUCT_BUNDLE_IDENTIFIER = "SF-App.SF-AppUITests";
				PRODUCT_NAME = "$(TARGET_NAME)";
				SWIFT_EMIT_LOC_STRINGS = NO;
				SWIFT_VERSION = 5.0;
				TARGETED_DEVICE_FAMILY = "1,2";
				TEST_TARGET_NAME = "SF App";
			};
			name = Debug;
		};
		8B87DD2F27A604C300C4081B /* Release */ = {
			isa = XCBuildConfiguration;
			buildSettings = {
				ALWAYS_EMBED_SWIFT_STANDARD_LIBRARIES = YES;
				CODE_SIGN_STYLE = Automatic;
				CURRENT_PROJECT_VERSION = 1;
				GENERATE_INFOPLIST_FILE = YES;
				MARKETING_VERSION = 1.0;
				PRODUCT_BUNDLE_IDENTIFIER = "SF-App.SF-AppUITests";
				PRODUCT_NAME = "$(TARGET_NAME)";
				SWIFT_EMIT_LOC_STRINGS = NO;
				SWIFT_VERSION = 5.0;
				TARGETED_DEVICE_FAMILY = "1,2";
				TEST_TARGET_NAME = "SF App";
			};
			name = Release;
		};
/* End XCBuildConfiguration section */

/* Begin XCConfigurationList section */
		8B87DCF827A604C100C4081B /* Build configuration list for PBXProject "SF App" */ = {
			isa = XCConfigurationList;
			buildConfigurations = (
				8B87DD2527A604C300C4081B /* Debug */,
				8B87DD2627A604C300C4081B /* Release */,
			);
			defaultConfigurationIsVisible = 0;
			defaultConfigurationName = Release;
		};
		8B87DD2727A604C300C4081B /* Build configuration list for PBXNativeTarget "SF App" */ = {
			isa = XCConfigurationList;
			buildConfigurations = (
				8B87DD2827A604C300C4081B /* Debug */,
				8B87DD2927A604C300C4081B /* Release */,
			);
			defaultConfigurationIsVisible = 0;
			defaultConfigurationName = Release;
		};
		8B87DD2A27A604C300C4081B /* Build configuration list for PBXNativeTarget "SF AppTests" */ = {
			isa = XCConfigurationList;
			buildConfigurations = (
				8B87DD2B27A604C300C4081B /* Debug */,
				8B87DD2C27A604C300C4081B /* Release */,
			);
			defaultConfigurationIsVisible = 0;
			defaultConfigurationName = Release;
		};
		8B87DD2D27A604C300C4081B /* Build configuration list for PBXNativeTarget "SF AppUITests" */ = {
			isa = XCConfigurationList;
			buildConfigurations = (
				8B87DD2E27A604C300C4081B /* Debug */,
				8B87DD2F27A604C300C4081B /* Release */,
			);
			defaultConfigurationIsVisible = 0;
			defaultConfigurationName = Release;
		};
/* End XCConfigurationList section */
	};
	rootObject = 8B87DCF527A604C100C4081B /* Project object */;
}
